
Microsoft Visual Studio Solution File, Format Version 12.00
# Visual Studio Version 17
VisualStudioVersion = 17.3.32929.385
MinimumVisualStudioVersion = 10.0.40219.1
Project("{FAE04EC0-301F-11D3-BF4B-00C04F79EFBC}") = "IDGS904_tema1", "IDGS904_tema1\IDGS904_tema1.csproj", "{EE083E1B-F59D-4127-884C-B6863692276C}"
EndProject
Global
	GlobalSection(SolutionConfigurationPlatforms) = preSolution
		Debug|Any CPU = Debug|Any CPU
		Release|Any CPU = Release|Any CPU
	EndGlobalSection
	GlobalSection(ProjectConfigurationPlatforms) = postSolution
		{EE083E1B-F59D-4127-884C-B6863692276C}.Debug|Any CPU.ActiveCfg = Debug|Any CPU
		{EE083E1B-F59D-4127-884C-B6863692276C}.Debug|Any CPU.Build.0 = Debug|Any CPU
		{EE083E1B-F59D-4127-884C-B6863692276C}.Release|Any CPU.ActiveCfg = Release|Any CPU
		{EE083E1B-F59D-4127-884C-B6863692276C}.Release|Any CPU.Build.0 = Release|Any CPU
	EndGlobalSection
	GlobalSection(SolutionProperties) = preSolution
		HideSolutionNode = FALSE
	EndGlobalSection
	GlobalSection(ExtensibilityGlobals) = postSolution
		SolutionGuid = {7C555635-461E-4705-A791-E42BE24AAF5C}
	EndGlobalSection
EndGlobal
